
Microsoft Visual Studio Solution File, Format Version 12.00
# Visual Studio Version 16
VisualStudioVersion = 16.0.29424.173
MinimumVisualStudioVersion = 10.0.40219.1
Project("{FAE04EC0-301F-11D3-BF4B-00C04F79EFBC}") = "PersonelMVCUI", "PersonelMVCUI\PersonelMVCUI.csproj", "{768C17CB-33FA-412D-9FA6-E73A15AD7C62}"
EndProject
Global
	GlobalSection(SolutionConfigurationPlatforms) = preSolution
		Debug|Any CPU = Debug|Any CPU
		Release|Any CPU = Release|Any CPU
	EndGlobalSection
	GlobalSection(ProjectConfigurationPlatforms) = postSolution
		{768C17CB-33FA-412D-9FA6-E73A15AD7C62}.Debug|Any CPU.ActiveCfg = Debug|Any CPU
		{768C17CB-33FA-412D-9FA6-E73A15AD7C62}.Debug|Any CPU.Build.0 = Debug|Any CPU
		{768C17CB-33FA-412D-9FA6-E73A15AD7C62}.Release|Any CPU.ActiveCfg = Release|Any CPU
		{768C17CB-33FA-412D-9FA6-E73A15AD7C62}.Release|Any CPU.Build.0 = Release|Any CPU
	EndGlobalSection
	GlobalSection(SolutionProperties) = preSolution
		HideSolutionNode = FALSE
	EndGlobalSection
	GlobalSection(ExtensibilityGlobals) = postSolution
		SolutionGuid = {587795EA-AEDF-4DC5-BB7F-02C2EFBF31DB}
	EndGlobalSection
EndGlobal
